
Microsoft Visual Studio Solution File, Format Version 12.00
# Visual Studio Version 17
VisualStudioVersion = 17.11.35219.272
MinimumVisualStudioVersion = 10.0.40219.1
Project("{9A19103F-16F7-4668-BE54-9A1E7A4F7556}") = "SQMS", "SQMS.csproj", "{C3E14C9A-6AF2-45C7-AC69-6E51E0C99F57}"
EndProject
Global
	GlobalSection(SolutionConfigurationPlatforms) = preSolution
		Debug|Any CPU = Debug|Any CPU
		Release|Any CPU = Release|Any CPU
	EndGlobalSection
	GlobalSection(ProjectConfigurationPlatforms) = postSolution
		{C3E14C9A-6AF2-45C7-AC69-6E51E0C99F57}.Debug|Any CPU.ActiveCfg = Debug|Any CPU
		{C3E14C9A-6AF2-45C7-AC69-6E51E0C99F57}.Debug|Any CPU.Build.0 = Debug|Any CPU
		{C3E14C9A-6AF2-45C7-AC69-6E51E0C99F57}.Release|Any CPU.ActiveCfg = Release|Any CPU
		{C3E14C9A-6AF2-45C7-AC69-6E51E0C99F57}.Release|Any CPU.Build.0 = Release|Any CPU
	EndGlobalSection
	GlobalSection(SolutionProperties) = preSolution
		HideSolutionNode = FALSE
	EndGlobalSection
	GlobalSection(ExtensibilityGlobals) = postSolution
		SolutionGuid = {C0523A01-8603-4537-9C60-AB78EDF00228}
	EndGlobalSection
EndGlobal
